
Microsoft Visual Studio Solution File, Format Version 12.00
# Visual Studio Version 17
VisualStudioVersion = 17.0.32014.148
MinimumVisualStudioVersion = 10.0.40219.1
Project("{2150E333-8FDC-42A3-9474-1A3956D46DE8}") = "Adom.Framework", "Adom.Framework", "{3F5E22DF-B4EA-4B0D-BE34-C58F7B9E3C12}"
EndProject
Project("{2150E333-8FDC-42A3-9474-1A3956D46DE8}") = "src", "src", "{5577F40D-AA0A-4262-9975-50D001017A15}"
EndProject
Project("{9A19103F-16F7-4668-BE54-9A1E7A4F7556}") = "Adom.Framework", "Adom.Framework\src\Adom.Framework\Adom.Framework.csproj", "{915722A6-850C-4D58-8195-6888961FC8B8}"
EndProject
Project("{2150E333-8FDC-42A3-9474-1A3956D46DE8}") = "tests", "tests", "{1D5A26A6-3AB6-4397-AB3C-025E78B3E9CF}"
EndProject
Project("{9A19103F-16F7-4668-BE54-9A1E7A4F7556}") = "Adom.Framework.Tests", "Adom.Framework\tests\Adom.Framework.Tests\Adom.Framework.Tests.csproj", "{4CCBBF24-14F5-4D5F-852A-3A4A8ED3620F}"
EndProject
Project("{2150E333-8FDC-42A3-9474-1A3956D46DE8}") = "benckmark", "benckmark", "{5B73613F-C2B6-40FD-9346-63AE0D7BF19F}"
EndProject
Project("{FAE04EC0-301F-11D3-BF4B-00C04F79EFBC}") = "Adom.Framework.Perf", "Adom.Framework\benckmark\Adom.Framework.Perf\Adom.Framework.Perf.csproj", "{22107E67-9886-432C-84CA-0E9D950EC13A}"
EndProject
Project("{2150E333-8FDC-42A3-9474-1A3956D46DE8}") = "samples", "samples", "{95CA2EDE-42ED-4BCF-AC9F-0874D781F7C5}"
EndProject
Project("{FAE04EC0-301F-11D3-BF4B-00C04F79EFBC}") = "Adom.Framework.Samples", "Adom.Framework\samples\Adom.Framework.Samples\Adom.Framework.Samples.csproj", "{31E32E72-BB59-46C8-9E27-A67C63A3909A}"
EndProject
Project("{FAE04EC0-301F-11D3-BF4B-00C04F79EFBC}") = "Adom.Framework.MoneyType", "Adom.Framework\src\Adom.Framework.MoneyType\Adom.Framework.MoneyType.csproj", "{1E84005D-AB30-4334-BDB7-D803A579CB43}"
EndProject
Project("{FAE04EC0-301F-11D3-BF4B-00C04F79EFBC}") = "Adom.Framework.ValuePath", "Adom.Framework\src\Adom.Framework.ValuePath\Adom.Framework.ValuePath.csproj", "{3D6E198A-A9B0-4252-9776-253B64EF9E0C}"
EndProject
Project("{FAE04EC0-301F-11D3-BF4B-00C04F79EFBC}") = "Adom.Framework.Cache", "Adom.Framework\src\Adom.Framework.Cache\Adom.Framework.Cache.csproj", "{E11A9CC0-188F-4A85-8CFD-B833D8872F29}"
EndProject
Project("{FAE04EC0-301F-11D3-BF4B-00C04F79EFBC}") = "Adom.Framework.Validation", "Adom.Framework\src\Adom.Framework.Validation\Adom.Framework.Validation.csproj", "{EC88C085-7EB1-4C11-9F12-D752DF512FF8}"
EndProject
Project("{FAE04EC0-301F-11D3-BF4B-00C04F79EFBC}") = "Adom.Framework.AspNetCore", "Adom.Framework\src\Adom.Framework.AspNetCore\Adom.Framework.AspNetCore.csproj", "{357DD0E8-14BA-421A-BD3F-84F67053AA11}"
EndProject
Project("{FAE04EC0-301F-11D3-BF4B-00C04F79EFBC}") = "Adom.Framework.Validation.Test", "Adom.Framework\tests\Adom.Framework.Validation.Test\Adom.Framework.Validation.Test.csproj", "{7B1F3C28-BFE3-4F84-942F-EE38ADFC95EB}"
EndProject
Project("{FAE04EC0-301F-11D3-BF4B-00C04F79EFBC}") = "Adom.Framework.AspNetCore.Sample", "Adom.Framework\samples\Adom.Framework.AspNetCore.Sample\Adom.Framework.AspNetCore.Sample.csproj", "{06199E6E-3C51-4110-A4D9-8D23BA8384A8}"
EndProject
Global
	GlobalSection(SolutionConfigurationPlatforms) = preSolution
		Debug|Any CPU = Debug|Any CPU
		Debug|x64 = Debug|x64
		Debug|x86 = Debug|x86
		Release|Any CPU = Release|Any CPU
		Release|x64 = Release|x64
		Release|x86 = Release|x86
	EndGlobalSection
	GlobalSection(ProjectConfigurationPlatforms) = postSolution
		{915722A6-850C-4D58-8195-6888961FC8B8}.Debug|Any CPU.ActiveCfg = Debug|Any CPU
		{915722A6-850C-4D58-8195-6888961FC8B8}.Debug|Any CPU.Build.0 = Debug|Any CPU
		{915722A6-850C-4D58-8195-6888961FC8B8}.Debug|x64.ActiveCfg = Debug|Any CPU
		{915722A6-850C-4D58-8195-6888961FC8B8}.Debug|x64.Build.0 = Debug|Any CPU
		{915722A6-850C-4D58-8195-6888961FC8B8}.Debug|x86.ActiveCfg = Debug|Any CPU
		{915722A6-850C-4D58-8195-6888961FC8B8}.Debug|x86.Build.0 = Debug|Any CPU
		{915722A6-850C-4D58-8195-6888961FC8B8}.Release|Any CPU.ActiveCfg = Release|Any CPU
		{915722A6-850C-4D58-8195-6888961FC8B8}.Release|Any CPU.Build.0 = Release|Any CPU
		{915722A6-850C-4D58-8195-6888961FC8B8}.Release|x64.ActiveCfg = Release|Any CPU
		{915722A6-850C-4D58-8195-6888961FC8B8}.Release|x64.Build.0 = Release|Any CPU
		{915722A6-850C-4D58-8195-6888961FC8B8}.Release|x86.ActiveCfg = Release|Any CPU
		{915722A6-850C-4D58-8195-6888961FC8B8}.Release|x86.Build.0 = Release|Any CPU
		{4CCBBF24-14F5-4D5F-852A-3A4A8ED3620F}.Debug|Any CPU.ActiveCfg = Debug|Any CPU
		{4CCBBF24-14F5-4D5F-852A-3A4A8ED3620F}.Debug|Any CPU.Build.0 = Debug|Any CPU
		{4CCBBF24-14F5-4D5F-852A-3A4A8ED3620F}.Debug|x64.ActiveCfg = Debug|Any CPU
		{4CCBBF24-14F5-4D5F-852A-3A4A8ED3620F}.Debug|x64.Build.0 = Debug|Any CPU
		{4CCBBF24-14F5-4D5F-852A-3A4A8ED3620F}.Debug|x86.ActiveCfg = Debug|Any CPU
		{4CCBBF24-14F5-4D5F-852A-3A4A8ED3620F}.Debug|x86.Build.0 = Debug|Any CPU
		{4CCBBF24-14F5-4D5F-852A-3A4A8ED3620F}.Release|Any CPU.ActiveCfg = Release|Any CPU
		{4CCBBF24-14F5-4D5F-852A-3A4A8ED3620F}.Release|Any CPU.Build.0 = Release|Any CPU
		{4CCBBF24-14F5-4D5F-852A-3A4A8ED3620F}.Release|x64.ActiveCfg = Release|Any CPU
		{4CCBBF24-14F5-4D5F-852A-3A4A8ED3620F}.Release|x64.Build.0 = Release|Any CPU
		{4CCBBF24-14F5-4D5F-852A-3A4A8ED3620F}.Release|x86.ActiveCfg = Release|Any CPU
		{4CCBBF24-14F5-4D5F-852A-3A4A8ED3620F}.Release|x86.Build.0 = Release|Any CPU
		{22107E67-9886-432C-84CA-0E9D950EC13A}.Debug|Any CPU.ActiveCfg = Debug|Any CPU
		{22107E67-9886-432C-84CA-0E9D950EC13A}.Debug|Any CPU.Build.0 = Debug|Any CPU
		{22107E67-9886-432C-84CA-0E9D950EC13A}.Debug|x64.ActiveCfg = Debug|Any CPU
		{22107E67-9886-432C-84CA-0E9D950EC13A}.Debug|x64.Build.0 = Debug|Any CPU
		{22107E67-9886-432C-84CA-0E9D950EC13A}.Debug|x86.ActiveCfg = Debug|Any CPU
		{22107E67-9886-432C-84CA-0E9D950EC13A}.Debug|x86.Build.0 = Debug|Any CPU
		{22107E67-9886-432C-84CA-0E9D950EC13A}.Release|Any CPU.ActiveCfg = Release|Any CPU
		{22107E67-9886-432C-84CA-0E9D950EC13A}.Release|Any CPU.Build.0 = Release|Any CPU
		{22107E67-9886-432C-84CA-0E9D950EC13A}.Release|x64.ActiveCfg = Release|Any CPU
		{22107E67-9886-432C-84CA-0E9D950EC13A}.Release|x64.Build.0 = Release|Any CPU
		{22107E67-9886-432C-84CA-0E9D950EC13A}.Release|x86.ActiveCfg = Release|Any CPU
		{22107E67-9886-432C-84CA-0E9D950EC13A}.Release|x86.Build.0 = Release|Any CPU
		{31E32E72-BB59-46C8-9E27-A67C63A3909A}.Debug|Any CPU.ActiveCfg = Debug|Any CPU
		{31E32E72-BB59-46C8-9E27-A67C63A3909A}.Debug|Any CPU.Build.0 = Debug|Any CPU
		{31E32E72-BB59-46C8-9E27-A67C63A3909A}.Debug|x64.ActiveCfg = Debug|Any CPU
		{31E32E72-BB59-46C8-9E27-A67C63A3909A}.Debug|x64.Build.0 = Debug|Any CPU
		{31E32E72-BB59-46C8-9E27-A67C63A3909A}.Debug|x86.ActiveCfg = Debug|Any CPU
		{31E32E72-BB59-46C8-9E27-A67C63A3909A}.Debug|x86.Build.0 = Debug|Any CPU
		{31E32E72-BB59-46C8-9E27-A67C63A3909A}.Release|Any CPU.ActiveCfg = Release|Any CPU
		{31E32E72-BB59-46C8-9E27-A67C63A3909A}.Release|Any CPU.Build.0 = Release|Any CPU
		{31E32E72-BB59-46C8-9E27-A67C63A3909A}.Release|x64.ActiveCfg = Release|Any CPU
		{31E32E72-BB59-46C8-9E27-A67C63A3909A}.Release|x64.Build.0 = Release|Any CPU
		{31E32E72-BB59-46C8-9E27-A67C63A3909A}.Release|x86.ActiveCfg = Release|Any CPU
		{31E32E72-BB59-46C8-9E27-A67C63A3909A}.Release|x86.Build.0 = Release|Any CPU
		{1E84005D-AB30-4334-BDB7-D803A579CB43}.Debug|Any CPU.ActiveCfg = Debug|Any CPU
		{1E84005D-AB30-4334-BDB7-D803A579CB43}.Debug|Any CPU.Build.0 = Debug|Any CPU
		{1E84005D-AB30-4334-BDB7-D803A579CB43}.Debug|x64.ActiveCfg = Debug|Any CPU
		{1E84005D-AB30-4334-BDB7-D803A579CB43}.Debug|x64.Build.0 = Debug|Any CPU
		{1E84005D-AB30-4334-BDB7-D803A579CB43}.Debug|x86.ActiveCfg = Debug|Any CPU
		{1E84005D-AB30-4334-BDB7-D803A579CB43}.Debug|x86.Build.0 = Debug|Any CPU
		{1E84005D-AB30-4334-BDB7-D803A579CB43}.Release|Any CPU.ActiveCfg = Release|Any CPU
		{1E84005D-AB30-4334-BDB7-D803A579CB43}.Release|Any CPU.Build.0 = Release|Any CPU
		{1E84005D-AB30-4334-BDB7-D803A579CB43}.Release|x64.ActiveCfg = Release|Any CPU
		{1E84005D-AB30-4334-BDB7-D803A579CB43}.Release|x64.Build.0 = Release|Any CPU
		{1E84005D-AB30-4334-BDB7-D803A579CB43}.Release|x86.ActiveCfg = Release|Any CPU
		{1E84005D-AB30-4334-BDB7-D803A579CB43}.Release|x86.Build.0 = Release|Any CPU
		{3D6E198A-A9B0-4252-9776-253B64EF9E0C}.Debug|Any CPU.ActiveCfg = Debug|Any CPU
		{3D6E198A-A9B0-4252-9776-253B64EF9E0C}.Debug|Any CPU.Build.0 = Debug|Any CPU
		{3D6E198A-A9B0-4252-9776-253B64EF9E0C}.Debug|x64.ActiveCfg = Debug|Any CPU
		{3D6E198A-A9B0-4252-9776-253B64EF9E0C}.Debug|x64.Build.0 = Debug|Any CPU
		{3D6E198A-A9B0-4252-9776-253B64EF9E0C}.Debug|x86.ActiveCfg = Debug|Any CPU
		{3D6E198A-A9B0-4252-9776-253B64EF9E0C}.Debug|x86.Build.0 = Debug|Any CPU
		{3D6E198A-A9B0-4252-9776-253B64EF9E0C}.Release|Any CPU.ActiveCfg = Release|Any CPU
		{3D6E198A-A9B0-4252-9776-253B64EF9E0C}.Release|Any CPU.Build.0 = Release|Any CPU
		{3D6E198A-A9B0-4252-9776-253B64EF9E0C}.Release|x64.ActiveCfg = Release|Any CPU
		{3D6E198A-A9B0-4252-9776-253B64EF9E0C}.Release|x64.Build.0 = Release|Any CPU
		{3D6E198A-A9B0-4252-9776-253B64EF9E0C}.Release|x86.ActiveCfg = Release|Any CPU
		{3D6E198A-A9B0-4252-9776-253B64EF9E0C}.Release|x86.Build.0 = Release|Any CPU
		{E11A9CC0-188F-4A85-8CFD-B833D8872F29}.Debug|Any CPU.ActiveCfg = Debug|Any CPU
		{E11A9CC0-188F-4A85-8CFD-B833D8872F29}.Debug|Any CPU.Build.0 = Debug|Any CPU
		{E11A9CC0-188F-4A85-8CFD-B833D8872F29}.Debug|x64.ActiveCfg = Debug|Any CPU
		{E11A9CC0-188F-4A85-8CFD-B833D8872F29}.Debug|x64.Build.0 = Debug|Any CPU
		{E11A9CC0-188F-4A85-8CFD-B833D8872F29}.Debug|x86.ActiveCfg = Debug|Any CPU
		{E11A9CC0-188F-4A85-8CFD-B833D8872F29}.Debug|x86.Build.0 = Debug|Any CPU
		{E11A9CC0-188F-4A85-8CFD-B833D8872F29}.Release|Any CPU.ActiveCfg = Release|Any CPU
		{E11A9CC0-188F-4A85-8CFD-B833D8872F29}.Release|Any CPU.Build.0 = Release|Any CPU
		{E11A9CC0-188F-4A85-8CFD-B833D8872F29}.Release|x64.ActiveCfg = Release|Any CPU
		{E11A9CC0-188F-4A85-8CFD-B833D8872F29}.Release|x64.Build.0 = Release|Any CPU
		{E11A9CC0-188F-4A85-8CFD-B833D8872F29}.Release|x86.ActiveCfg = Release|Any CPU
		{E11A9CC0-188F-4A85-8CFD-B833D8872F29}.Release|x86.Build.0 = Release|Any CPU
		{EC88C085-7EB1-4C11-9F12-D752DF512FF8}.Debug|Any CPU.ActiveCfg = Debug|Any CPU
		{EC88C085-7EB1-4C11-9F12-D752DF512FF8}.Debug|Any CPU.Build.0 = Debug|Any CPU
		{EC88C085-7EB1-4C11-9F12-D752DF512FF8}.Debug|x64.ActiveCfg = Debug|Any CPU
		{EC88C085-7EB1-4C11-9F12-D752DF512FF8}.Debug|x64.Build.0 = Debug|Any CPU
		{EC88C085-7EB1-4C11-9F12-D752DF512FF8}.Debug|x86.ActiveCfg = Debug|Any CPU
		{EC88C085-7EB1-4C11-9F12-D752DF512FF8}.Debug|x86.Build.0 = Debug|Any CPU
		{EC88C085-7EB1-4C11-9F12-D752DF512FF8}.Release|Any CPU.ActiveCfg = Release|Any CPU
		{EC88C085-7EB1-4C11-9F12-D752DF512FF8}.Release|Any CPU.Build.0 = Release|Any CPU
		{EC88C085-7EB1-4C11-9F12-D752DF512FF8}.Release|x64.ActiveCfg = Release|Any CPU
		{EC88C085-7EB1-4C11-9F12-D752DF512FF8}.Release|x64.Build.0 = Release|Any CPU
		{EC88C085-7EB1-4C11-9F12-D752DF512FF8}.Release|x86.ActiveCfg = Release|Any CPU
		{EC88C085-7EB1-4C11-9F12-D752DF512FF8}.Release|x86.Build.0 = Release|Any CPU
		{357DD0E8-14BA-421A-BD3F-84F67053AA11}.Debug|Any CPU.ActiveCfg = Debug|Any CPU
		{357DD0E8-14BA-421A-BD3F-84F67053AA11}.Debug|Any CPU.Build.0 = Debug|Any CPU
		{357DD0E8-14BA-421A-BD3F-84F67053AA11}.Debug|x64.ActiveCfg = Debug|Any CPU
		{357DD0E8-14BA-421A-BD3F-84F67053AA11}.Debug|x64.Build.0 = Debug|Any CPU
		{357DD0E8-14BA-421A-BD3F-84F67053AA11}.Debug|x86.ActiveCfg = Debug|Any CPU
		{357DD0E8-14BA-421A-BD3F-84F67053AA11}.Debug|x86.Build.0 = Debug|Any CPU
		{357DD0E8-14BA-421A-BD3F-84F67053AA11}.Release|Any CPU.ActiveCfg = Release|Any CPU
		{357DD0E8-14BA-421A-BD3F-84F67053AA11}.Release|Any CPU.Build.0 = Release|Any CPU
		{357DD0E8-14BA-421A-BD3F-84F67053AA11}.Release|x64.ActiveCfg = Release|Any CPU
		{357DD0E8-14BA-421A-BD3F-84F67053AA11}.Release|x64.Build.0 = Release|Any CPU
		{357DD0E8-14BA-421A-BD3F-84F67053AA11}.Release|x86.ActiveCfg = Release|Any CPU
		{357DD0E8-14BA-421A-BD3F-84F67053AA11}.Release|x86.Build.0 = Release|Any CPU
		{7B1F3C28-BFE3-4F84-942F-EE38ADFC95EB}.Debug|Any CPU.ActiveCfg = Debug|Any CPU
		{7B1F3C28-BFE3-4F84-942F-EE38ADFC95EB}.Debug|Any CPU.Build.0 = Debug|Any CPU
		{7B1F3C28-BFE3-4F84-942F-EE38ADFC95EB}.Debug|x64.ActiveCfg = Debug|Any CPU
		{7B1F3C28-BFE3-4F84-942F-EE38ADFC95EB}.Debug|x64.Build.0 = Debug|Any CPU
		{7B1F3C28-BFE3-4F84-942F-EE38ADFC95EB}.Debug|x86.ActiveCfg = Debug|Any CPU
		{7B1F3C28-BFE3-4F84-942F-EE38ADFC95EB}.Debug|x86.Build.0 = Debug|Any CPU
		{7B1F3C28-BFE3-4F84-942F-EE38ADFC95EB}.Release|Any CPU.ActiveCfg = Release|Any CPU
		{7B1F3C28-BFE3-4F84-942F-EE38ADFC95EB}.Release|Any CPU.Build.0 = Release|Any CPU
		{7B1F3C28-BFE3-4F84-942F-EE38ADFC95EB}.Release|x64.ActiveCfg = Release|Any CPU
		{7B1F3C28-BFE3-4F84-942F-EE38ADFC95EB}.Release|x64.Build.0 = Release|Any CPU
		{7B1F3C28-BFE3-4F84-942F-EE38ADFC95EB}.Release|x86.ActiveCfg = Release|Any CPU
		{7B1F3C28-BFE3-4F84-942F-EE38ADFC95EB}.Release|x86.Build.0 = Release|Any CPU
		{06199E6E-3C51-4110-A4D9-8D23BA8384A8}.Debug|Any CPU.ActiveCfg = Debug|Any CPU
		{06199E6E-3C51-4110-A4D9-8D23BA8384A8}.Debug|Any CPU.Build.0 = Debug|Any CPU
		{06199E6E-3C51-4110-A4D9-8D23BA8384A8}.Debug|x64.ActiveCfg = Debug|Any CPU
		{06199E6E-3C51-4110-A4D9-8D23BA8384A8}.Debug|x64.Build.0 = Debug|Any CPU
		{06199E6E-3C51-4110-A4D9-8D23BA8384A8}.Debug|x86.ActiveCfg = Debug|Any CPU
		{06199E6E-3C51-4110-A4D9-8D23BA8384A8}.Debug|x86.Build.0 = Debug|Any CPU
		{06199E6E-3C51-4110-A4D9-8D23BA8384A8}.Release|Any CPU.ActiveCfg = Release|Any CPU
		{06199E6E-3C51-4110-A4D9-8D23BA8384A8}.Release|Any CPU.Build.0 = Release|Any CPU
		{06199E6E-3C51-4110-A4D9-8D23BA8384A8}.Release|x64.ActiveCfg = Release|Any CPU
		{06199E6E-3C51-4110-A4D9-8D23BA8384A8}.Release|x64.Build.0 = Release|Any CPU
		{06199E6E-3C51-4110-A4D9-8D23BA8384A8}.Release|x86.ActiveCfg = Release|Any CPU
		{06199E6E-3C51-4110-A4D9-8D23BA8384A8}.Release|x86.Build.0 = Release|Any CPU
	EndGlobalSection
	GlobalSection(SolutionProperties) = preSolution
		HideSolutionNode = FALSE
	EndGlobalSection
	GlobalSection(NestedProjects) = preSolution
		{5577F40D-AA0A-4262-9975-50D001017A15} = {3F5E22DF-B4EA-4B0D-BE34-C58F7B9E3C12}
		{915722A6-850C-4D58-8195-6888961FC8B8} = {5577F40D-AA0A-4262-9975-50D001017A15}
		{1D5A26A6-3AB6-4397-AB3C-025E78B3E9CF} = {3F5E22DF-B4EA-4B0D-BE34-C58F7B9E3C12}
		{4CCBBF24-14F5-4D5F-852A-3A4A8ED3620F} = {1D5A26A6-3AB6-4397-AB3C-025E78B3E9CF}
		{5B73613F-C2B6-40FD-9346-63AE0D7BF19F} = {3F5E22DF-B4EA-4B0D-BE34-C58F7B9E3C12}
		{22107E67-9886-432C-84CA-0E9D950EC13A} = {5B73613F-C2B6-40FD-9346-63AE0D7BF19F}
		{95CA2EDE-42ED-4BCF-AC9F-0874D781F7C5} = {3F5E22DF-B4EA-4B0D-BE34-C58F7B9E3C12}
		{31E32E72-BB59-46C8-9E27-A67C63A3909A} = {95CA2EDE-42ED-4BCF-AC9F-0874D781F7C5}
		{1E84005D-AB30-4334-BDB7-D803A579CB43} = {5577F40D-AA0A-4262-9975-50D001017A15}
		{3D6E198A-A9B0-4252-9776-253B64EF9E0C} = {5577F40D-AA0A-4262-9975-50D001017A15}
		{E11A9CC0-188F-4A85-8CFD-B833D8872F29} = {5577F40D-AA0A-4262-9975-50D001017A15}
		{EC88C085-7EB1-4C11-9F12-D752DF512FF8} = {5577F40D-AA0A-4262-9975-50D001017A15}
		{357DD0E8-14BA-421A-BD3F-84F67053AA11} = {5577F40D-AA0A-4262-9975-50D001017A15}
		{7B1F3C28-BFE3-4F84-942F-EE38ADFC95EB} = {1D5A26A6-3AB6-4397-AB3C-025E78B3E9CF}
		{06199E6E-3C51-4110-A4D9-8D23BA8384A8} = {95CA2EDE-42ED-4BCF-AC9F-0874D781F7C5}
	EndGlobalSection
	GlobalSection(ExtensibilityGlobals) = postSolution
		SolutionGuid = {07DAF11C-E597-464A-A257-B2F64449D372}
	EndGlobalSection
EndGlobal
